// !$*UTF8*$!
{
	archiveVersion = 1;
	classes = {
	};
	objectVersion = 50;
	objects = {

/* Begin PBXBuildFile section */
		2292A87D235FFEE4009367B2 /* AppDelegate.swift in Sources */ = {isa = PBXBuildFile; fileRef = 2292A87C235FFEE4009367B2 /* AppDelegate.swift */; };
		2292A87F235FFEE4009367B2 /* SceneDelegate.swift in Sources */ = {isa = PBXBuildFile; fileRef = 2292A87E235FFEE4009367B2 /* SceneDelegate.swift */; };
		2292A881235FFEE4009367B2 /* ContentView.swift in Sources */ = {isa = PBXBuildFile; fileRef = 2292A880235FFEE4009367B2 /* ContentView.swift */; };
		2292A883235FFEE8009367B2 /* Assets.xcassets in Resources */ = {isa = PBXBuildFile; fileRef = 2292A882235FFEE8009367B2 /* Assets.xcassets */; };
		2292A886235FFEE8009367B2 /* Preview Assets.xcassets in Resources */ = {isa = PBXBuildFile; fileRef = 2292A885235FFEE8009367B2 /* Preview Assets.xcassets */; };
		2292A889235FFEE8009367B2 /* LaunchScreen.storyboard in Resources */ = {isa = PBXBuildFile; fileRef = 2292A887235FFEE8009367B2 /* LaunchScreen.storyboard */; };
		2292A894235FFEE9009367B2 /* TimeTrackerTests.swift in Sources */ = {isa = PBXBuildFile; fileRef = 2292A893235FFEE9009367B2 /* TimeTrackerTests.swift */; };
		2292A89F235FFEE9009367B2 /* TimeTrackerUITests.swift in Sources */ = {isa = PBXBuildFile; fileRef = 2292A89E235FFEE9009367B2 /* TimeTrackerUITests.swift */; };
/* End PBXBuildFile section */

/* Begin PBXContainerItemProxy section */
		2292A890235FFEE9009367B2 /* PBXContainerItemProxy */ = {
			isa = PBXContainerItemProxy;
			containerPortal = 2292A871235FFEE4009367B2 /* Project object */;
			proxyType = 1;
			remoteGlobalIDString = 2292A878235FFEE4009367B2;
			remoteInfo = TimeTracker;
		};
		2292A89B235FFEE9009367B2 /* PBXContainerItemProxy */ = {
			isa = PBXContainerItemProxy;
			containerPortal = 2292A871235FFEE4009367B2 /* Project object */;
			proxyType = 1;
			remoteGlobalIDString = 2292A878235FFEE4009367B2;
			remoteInfo = TimeTracker;
		};
/* End PBXContainerItemProxy section */

/* Begin PBXFileReference section */
		2292A879235FFEE4009367B2 /* TimeTracker.app */ = {isa = PBXFileReference; explicitFileType = wrapper.application; includeInIndex = 0; path = TimeTracker.app; sourceTree = BUILT_PRODUCTS_DIR; };
		2292A87C235FFEE4009367B2 /* AppDelegate.swift */ = {isa = PBXFileReference; lastKnownFileType = sourcecode.swift; path = AppDelegate.swift; sourceTree = "<group>"; };
		2292A87E235FFEE4009367B2 /* SceneDelegate.swift */ = {isa = PBXFileReference; lastKnownFileType = sourcecode.swift; path = SceneDelegate.swift; sourceTree = "<group>"; };
		2292A880235FFEE4009367B2 /* ContentView.swift */ = {isa = PBXFileReference; lastKnownFileType = sourcecode.swift; path = ContentView.swift; sourceTree = "<group>"; };
		2292A882235FFEE8009367B2 /* Assets.xcassets */ = {isa = PBXFileReference; lastKnownFileType = folder.assetcatalog; path = Assets.xcassets; sourceTree = "<group>"; };
		2292A885235FFEE8009367B2 /* Preview Assets.xcassets */ = {isa = PBXFileReference; lastKnownFileType = folder.assetcatalog; path = "Preview Assets.xcassets"; sourceTree = "<group>"; };
		2292A888235FFEE8009367B2 /* Base */ = {isa = PBXFileReference; lastKnownFileType = file.storyboard; name = Base; path = Base.lproj/LaunchScreen.storyboard; sourceTree = "<group>"; };
		2292A88A235FFEE8009367B2 /* Info.plist */ = {isa = PBXFileReference; lastKnownFileType = text.plist.xml; path = Info.plist; sourceTree = "<group>"; };
		2292A88F235FFEE9009367B2 /* TimeTrackerTests.xctest */ = {isa = PBXFileReference; explicitFileType = wrapper.cfbundle; includeInIndex = 0; path = TimeTrackerTests.xctest; sourceTree = BUILT_PRODUCTS_DIR; };
		2292A893235FFEE9009367B2 /* TimeTrackerTests.swift */ = {isa = PBXFileReference; lastKnownFileType = sourcecode.swift; path = TimeTrackerTests.swift; sourceTree = "<group>"; };
		2292A895235FFEE9009367B2 /* Info.plist */ = {isa = PBXFileReference; lastKnownFileType = text.plist.xml; path = Info.plist; sourceTree = "<group>"; };
		2292A89A235FFEE9009367B2 /* TimeTrackerUITests.xctest */ = {isa = PBXFileReference; explicitFileType = wrapper.cfbundle; includeInIndex = 0; path = TimeTrackerUITests.xctest; sourceTree = BUILT_PRODUCTS_DIR; };
		2292A89E235FFEE9009367B2 /* TimeTrackerUITests.swift */ = {isa = PBXFileReference; lastKnownFileType = sourcecode.swift; path = TimeTrackerUITests.swift; sourceTree = "<group>"; };
		2292A8A0235FFEE9009367B2 /* Info.plist */ = {isa = PBXFileReference; lastKnownFileType = text.plist.xml; path = Info.plist; sourceTree = "<group>"; };
/* End PBXFileReference section */

/* Begin PBXFrameworksBuildPhase section */
		2292A876235FFEE4009367B2 /* Frameworks */ = {
			isa = PBXFrameworksBuildPhase;
			buildActionMask = 2147483647;
			files = (
			);
			runOnlyForDeploymentPostprocessing = 0;
		};
		2292A88C235FFEE9009367B2 /* Frameworks */ = {
			isa = PBXFrameworksBuildPhase;
			buildActionMask = 2147483647;
			files = (
			);
			runOnlyForDeploymentPostprocessing = 0;
		};
		2292A897235FFEE9009367B2 /* Frameworks */ = {
			isa = PBXFrameworksBuildPhase;
			buildActionMask = 2147483647;
			files = (
			);
			runOnlyForDeploymentPostprocessing = 0;
		};
/* End PBXFrameworksBuildPhase section */

/* Begin PBXGroup section */
		2292A870235FFEE4009367B2 = {
			isa = PBXGroup;
			children = (
				2292A87B235FFEE4009367B2 /* TimeTracker */,
				2292A892235FFEE9009367B2 /* TimeTrackerTests */,
				2292A89D235FFEE9009367B2 /* TimeTrackerUITests */,
				2292A87A235FFEE4009367B2 /* Products */,
			);
			sourceTree = "<group>";
		};
		2292A87A235FFEE4009367B2 /* Products */ = {
			isa = PBXGroup;
			children = (
				2292A879235FFEE4009367B2 /* TimeTracker.app */,
				2292A88F235FFEE9009367B2 /* TimeTrackerTests.xctest */,
				2292A89A235FFEE9009367B2 /* TimeTrackerUITests.xctest */,
			);
			name = Products;
			sourceTree = "<group>";
		};
		2292A87B235FFEE4009367B2 /* TimeTracker */ = {
			isa = PBXGroup;
			children = (
				2292A87C235FFEE4009367B2 /* AppDelegate.swift */,
				2292A87E235FFEE4009367B2 /* SceneDelegate.swift */,
				2292A880235FFEE4009367B2 /* ContentView.swift */,
				2292A882235FFEE8009367B2 /* Assets.xcassets */,
				2292A887235FFEE8009367B2 /* LaunchScreen.storyboard */,
				2292A88A235FFEE8009367B2 /* Info.plist */,
				2292A884235FFEE8009367B2 /* Preview Content */,
			);
			path = TimeTracker;
			sourceTree = "<group>";
		};
		2292A884235FFEE8009367B2 /* Preview Content */ = {
			isa = PBXGroup;
			children = (
				2292A885235FFEE8009367B2 /* Preview Assets.xcassets */,
			);
			path = "Preview Content";
			sourceTree = "<group>";
		};
		2292A892235FFEE9009367B2 /* TimeTrackerTests */ = {
			isa = PBXGroup;
			children = (
				2292A893235FFEE9009367B2 /* TimeTrackerTests.swift */,
				2292A895235FFEE9009367B2 /* Info.plist */,
			);
			path = TimeTrackerTests;
			sourceTree = "<group>";
		};
		2292A89D235FFEE9009367B2 /* TimeTrackerUITests */ = {
			isa = PBXGroup;
			children = (
				2292A89E235FFEE9009367B2 /* TimeTrackerUITests.swift */,
				2292A8A0235FFEE9009367B2 /* Info.plist */,
			);
			path = TimeTrackerUITests;
			sourceTree = "<group>";
		};
/* End PBXGroup section */

/* Begin PBXNativeTarget section */
		2292A878235FFEE4009367B2 /* TimeTracker */ = {
			isa = PBXNativeTarget;
			buildConfigurationList = 2292A8A3235FFEE9009367B2 /* Build configuration list for PBXNativeTarget "TimeTracker" */;
			buildPhases = (
				2292A875235FFEE4009367B2 /* Sources */,
				2292A876235FFEE4009367B2 /* Frameworks */,
				2292A877235FFEE4009367B2 /* Resources */,
			);
			buildRules = (
			);
			dependencies = (
			);
			name = TimeTracker;
			productName = TimeTracker;
			productReference = 2292A879235FFEE4009367B2 /* TimeTracker.app */;
			productType = "com.apple.product-type.application";
		};
		2292A88E235FFEE9009367B2 /* TimeTrackerTests */ = {
			isa = PBXNativeTarget;
			buildConfigurationList = 2292A8A6235FFEE9009367B2 /* Build configuration list for PBXNativeTarget "TimeTrackerTests" */;
			buildPhases = (
				2292A88B235FFEE9009367B2 /* Sources */,
				2292A88C235FFEE9009367B2 /* Frameworks */,
				2292A88D235FFEE9009367B2 /* Resources */,
			);
			buildRules = (
			);
			dependencies = (
				2292A891235FFEE9009367B2 /* PBXTargetDependency */,
			);
			name = TimeTrackerTests;
			productName = TimeTrackerTests;
			productReference = 2292A88F235FFEE9009367B2 /* TimeTrackerTests.xctest */;
			productType = "com.apple.product-type.bundle.unit-test";
		};
		2292A899235FFEE9009367B2 /* TimeTrackerUITests */ = {
			isa = PBXNativeTarget;
			buildConfigurationList = 2292A8A9235FFEE9009367B2 /* Build configuration list for PBXNativeTarget "TimeTrackerUITests" */;
			buildPhases = (
				2292A896235FFEE9009367B2 /* Sources */,
				2292A897235FFEE9009367B2 /* Frameworks */,
				2292A898235FFEE9009367B2 /* Resources */,
			);
			buildRules = (
			);
			dependencies = (
				2292A89C235FFEE9009367B2 /* PBXTargetDependency */,
			);
			name = TimeTrackerUITests;
			productName = TimeTrackerUITests;
			productReference = 2292A89A235FFEE9009367B2 /* TimeTrackerUITests.xctest */;
			productType = "com.apple.product-type.bundle.ui-testing";
		};
/* End PBXNativeTarget section */

/* Begin PBXProject section */
		2292A871235FFEE4009367B2 /* Project object */ = {
			isa = PBXProject;
			attributes = {
				LastSwiftUpdateCheck = 1110;
				LastUpgradeCheck = 1110;
				ORGANIZATIONNAME = "David Rynn";
				TargetAttributes = {
					2292A878235FFEE4009367B2 = {
						CreatedOnToolsVersion = 11.1;
					};
					2292A88E235FFEE9009367B2 = {
						CreatedOnToolsVersion = 11.1;
						TestTargetID = 2292A878235FFEE4009367B2;
					};
					2292A899235FFEE9009367B2 = {
						CreatedOnToolsVersion = 11.1;
						TestTargetID = 2292A878235FFEE4009367B2;
					};
				};
			};
			buildConfigurationList = 2292A874235FFEE4009367B2 /* Build configuration list for PBXProject "TimeTracker" */;
			compatibilityVersion = "Xcode 9.3";
			developmentRegion = en;
			hasScannedForEncodings = 0;
			knownRegions = (
				en,
				Base,
			);
			mainGroup = 2292A870235FFEE4009367B2;
			productRefGroup = 2292A87A235FFEE4009367B2 /* Products */;
			projectDirPath = "";
			projectRoot = "";
			targets = (
				2292A878235FFEE4009367B2 /* TimeTracker */,
				2292A88E235FFEE9009367B2 /* TimeTrackerTests */,
				2292A899235FFEE9009367B2 /* TimeTrackerUITests */,
			);
		};
/* End PBXProject section */

/* Begin PBXResourcesBuildPhase section */
		2292A877235FFEE4009367B2 /* Resources */ = {
			isa = PBXResourcesBuildPhase;
			buildActionMask = 2147483647;
			files = (
				2292A889235FFEE8009367B2 /* LaunchScreen.storyboard in Resources */,
				2292A886235FFEE8009367B2 /* Preview Assets.xcassets in Resources */,
				2292A883235FFEE8009367B2 /* Assets.xcassets in Resources */,
			);
			runOnlyForDeploymentPostprocessing = 0;
		};
		2292A88D235FFEE9009367B2 /* Resources */ = {
			isa = PBXResourcesBuildPhase;
			buildActionMask = 2147483647;
			files = (
			);
			runOnlyForDeploymentPostprocessing = 0;
		};
		2292A898235FFEE9009367B2 /* Resources */ = {
			isa = PBXResourcesBuildPhase;
			buildActionMask = 2147483647;
			files = (
			);
			runOnlyForDeploymentPostprocessing = 0;
		};
/* End PBXResourcesBuildPhase section */

/* Begin PBXSourcesBuildPhase section */
		2292A875235FFEE4009367B2 /* Sources */ = {
			isa = PBXSourcesBuildPhase;
			buildActionMask = 2147483647;
			files = (
				2292A87D235FFEE4009367B2 /* AppDelegate.swift in Sources */,
				2292A87F235FFEE4009367B2 /* SceneDelegate.swift in Sources */,
				2292A881235FFEE4009367B2 /* ContentView.swift in Sources */,
			);
			runOnlyForDeploymentPostprocessing = 0;
		};
		2292A88B235FFEE9009367B2 /* Sources */ = {
			isa = PBXSourcesBuildPhase;
			buildActionMask = 2147483647;
			files = (
				2292A894235FFEE9009367B2 /* TimeTrackerTests.swift in Sources */,
			);
			runOnlyForDeploymentPostprocessing = 0;
		};
		2292A896235FFEE9009367B2 /* Sources */ = {
			isa = PBXSourcesBuildPhase;
			buildActionMask = 2147483647;
			files = (
				2292A89F235FFEE9009367B2 /* TimeTrackerUITests.swift in Sources */,
			);
			runOnlyForDeploymentPostprocessing = 0;
		};
/* End PBXSourcesBuildPhase section */

/* Begin PBXTargetDependency section */
		2292A891235FFEE9009367B2 /* PBXTargetDependency */ = {
			isa = PBXTargetDependency;
			target = 2292A878235FFEE4009367B2 /* TimeTracker */;
			targetProxy = 2292A890235FFEE9009367B2 /* PBXContainerItemProxy */;
		};
		2292A89C235FFEE9009367B2 /* PBXTargetDependency */ = {
			isa = PBXTargetDependency;
			target = 2292A878235FFEE4009367B2 /* TimeTracker */;
			targetProxy = 2292A89B235FFEE9009367B2 /* PBXContainerItemProxy */;
		};
/* End PBXTargetDependency section */

/* Begin PBXVariantGroup section */
		2292A887235FFEE8009367B2 /* LaunchScreen.storyboard */ = {
			isa = PBXVariantGroup;
			children = (
				2292A888235FFEE8009367B2 /* Base */,
			);
			name = LaunchScreen.storyboard;
			sourceTree = "<group>";
		};
/* End PBXVariantGroup section */

/* Begin XCBuildConfiguration section */
		2292A8A1235FFEE9009367B2 /* Debug */ = {
			isa = XCBuildConfiguration;
			buildSettings = {
				ALWAYS_SEARCH_USER_PATHS = NO;
				CLANG_ANALYZER_NONNULL = YES;
				CLANG_ANALYZER_NUMBER_OBJECT_CONVERSION = YES_AGGRESSIVE;
				CLANG_CXX_LANGUAGE_STANDARD = "gnu++14";
				CLANG_CXX_LIBRARY = "libc++";
				CLANG_ENABLE_MODULES = YES;
				CLANG_ENABLE_OBJC_ARC = YES;
				CLANG_ENABLE_OBJC_WEAK = YES;
				CLANG_WARN_BLOCK_CAPTURE_AUTORELEASING = YES;
				CLANG_WARN_BOOL_CONVERSION = YES;
				CLANG_WARN_COMMA = YES;
				CLANG_WARN_CONSTANT_CONVERSION = YES;
				CLANG_WARN_DEPRECATED_OBJC_IMPLEMENTATIONS = YES;
				CLANG_WARN_DIRECT_OBJC_ISA_USAGE = YES_ERROR;
				CLANG_WARN_DOCUMENTATION_COMMENTS = YES;
				CLANG_WARN_EMPTY_BODY = YES;
				CLANG_WARN_ENUM_CONVERSION = YES;
				CLANG_WARN_INFINITE_RECURSION = YES;
				CLANG_WARN_INT_CONVERSION = YES;
				CLANG_WARN_NON_LITERAL_NULL_CONVERSION = YES;
				CLANG_WARN_OBJC_IMPLICIT_RETAIN_SELF = YES;
				CLANG_WARN_OBJC_LITERAL_CONVERSION = YES;
				CLANG_WARN_OBJC_ROOT_CLASS = YES_ERROR;
				CLANG_WARN_RANGE_LOOP_ANALYSIS = YES;
				CLANG_WARN_STRICT_PROTOTYPES = YES;
				CLANG_WARN_SUSPICIOUS_MOVE = YES;
				CLANG_WARN_UNGUARDED_AVAILABILITY = YES_AGGRESSIVE;
				CLANG_WARN_UNREACHABLE_CODE = YES;
				CLANG_WARN__DUPLICATE_METHOD_MATCH = YES;
				COPY_PHASE_STRIP = NO;
				DEBUG_INFORMATION_FORMAT = dwarf;
				ENABLE_STRICT_OBJC_MSGSEND = YES;
				ENABLE_TESTABILITY = YES;
				GCC_C_LANGUAGE_STANDARD = gnu11;
				GCC_DYNAMIC_NO_PIC = NO;
				GCC_NO_COMMON_BLOCKS = YES;
				GCC_OPTIMIZATION_LEVEL = 0;
				GCC_PREPROCESSOR_DEFINITIONS = (
					"DEBUG=1",
					"$(inherited)",
				);
				GCC_WARN_64_TO_32_BIT_CONVERSION = YES;
				GCC_WARN_ABOUT_RETURN_TYPE = YES_ERROR;
				GCC_WARN_UNDECLARED_SELECTOR = YES;
				GCC_WARN_UNINITIALIZED_AUTOS = YES_AGGRESSIVE;
				GCC_WARN_UNUSED_FUNCTION = YES;
				GCC_WARN_UNUSED_VARIABLE = YES;
				IPHONEOS_DEPLOYMENT_TARGET = 13.1;
				MTL_ENABLE_DEBUG_INFO = INCLUDE_SOURCE;
				MTL_FAST_MATH = YES;
				ONLY_ACTIVE_ARCH = YES;
				SDKROOT = iphoneos;
				SWIFT_ACTIVE_COMPILATION_CONDITIONS = DEBUG;
				SWIFT_OPTIMIZATION_LEVEL = "-Onone";
			};
			name = Debug;
		};
		2292A8A2235FFEE9009367B2 /* Release */ = {
			isa = XCBuildConfiguration;
			buildSettings = {
				ALWAYS_SEARCH_USER_PATHS = NO;
				CLANG_ANALYZER_NONNULL = YES;
				CLANG_ANALYZER_NUMBER_OBJECT_CONVERSION = YES_AGGRESSIVE;
				CLANG_CXX_LANGUAGE_STANDARD = "gnu++14";
				CLANG_CXX_LIBRARY = "libc++";
				CLANG_ENABLE_MODULES = YES;
				CLANG_ENABLE_OBJC_ARC = YES;
				CLANG_ENABLE_OBJC_WEAK = YES;
				CLANG_WARN_BLOCK_CAPTURE_AUTORELEASING = YES;
				CLANG_WARN_BOOL_CONVERSION = YES;
				CLANG_WARN_COMMA = YES;
				CLANG_WARN_CONSTANT_CONVERSION = YES;
				CLANG_WARN_DEPRECATED_OBJC_IMPLEMENTATIONS = YES;
				CLANG_WARN_DIRECT_OBJC_ISA_USAGE = YES_ERROR;
				CLANG_WARN_DOCUMENTATION_COMMENTS = YES;
				CLANG_WARN_EMPTY_BODY = YES;
				CLANG_WARN_ENUM_CONVERSION = YES;
				CLANG_WARN_INFINITE_RECURSION = YES;
				CLANG_WARN_INT_CONVERSION = YES;
				CLANG_WARN_NON_LITERAL_NULL_CONVERSION = YES;
				CLANG_WARN_OBJC_IMPLICIT_RETAIN_SELF = YES;
				CLANG_WARN_OBJC_LITERAL_CONVERSION = YES;
				CLANG_WARN_OBJC_ROOT_CLASS = YES_ERROR;
				CLANG_WARN_RANGE_LOOP_ANALYSIS = YES;
				CLANG_WARN_STRICT_PROTOTYPES = YES;
				CLANG_WARN_SUSPICIOUS_MOVE = YES;
				CLANG_WARN_UNGUARDED_AVAILABILITY = YES_AGGRESSIVE;
				CLANG_WARN_UNREACHABLE_CODE = YES;
				CLANG_WARN__DUPLICATE_METHOD_MATCH = YES;
				COPY_PHASE_STRIP = NO;
				DEBUG_INFORMATION_FORMAT = "dwarf-with-dsym";
				ENABLE_NS_ASSERTIONS = NO;
				ENABLE_STRICT_OBJC_MSGSEND = YES;
				GCC_C_LANGUAGE_STANDARD = gnu11;
				GCC_NO_COMMON_BLOCKS = YES;
				GCC_WARN_64_TO_32_BIT_CONVERSION = YES;
				GCC_WARN_ABOUT_RETURN_TYPE = YES_ERROR;
				GCC_WARN_UNDECLARED_SELECTOR = YES;
				GCC_WARN_UNINITIALIZED_AUTOS = YES_AGGRESSIVE;
				GCC_WARN_UNUSED_FUNCTION = YES;
				GCC_WARN_UNUSED_VARIABLE = YES;
				IPHONEOS_DEPLOYMENT_TARGET = 13.1;
				MTL_ENABLE_DEBUG_INFO = NO;
				MTL_FAST_MATH = YES;
				SDKROOT = iphoneos;
				SWIFT_COMPILATION_MODE = wholemodule;
				SWIFT_OPTIMIZATION_LEVEL = "-O";
				VALIDATE_PRODUCT = YES;
			};
			name = Release;
		};
		2292A8A4235FFEE9009367B2 /* Debug */ = {
			isa = XCBuildConfiguration;
			buildSettings = {
				ASSETCATALOG_COMPILER_APPICON_NAME = AppIcon;
				CODE_SIGN_STYLE = Automatic;
				DEVELOPMENT_ASSET_PATHS = "\"TimeTracker/Preview Content\"";
				ENABLE_PREVIEWS = YES;
				INFOPLIST_FILE = TimeTracker/Info.plist;
				LD_RUNPATH_SEARCH_PATHS = (
					"$(inherited)",
					"@executable_path/Frameworks",
				);
				PRODUCT_BUNDLE_IDENTIFIER = com.davidrynn.projects.TimeTracker;
				PRODUCT_NAME = "$(TARGET_NAME)";
				SWIFT_VERSION = 5.0;
				TARGETED_DEVICE_FAMILY = "1,2";
			};
			name = Debug;
		};
		2292A8A5235FFEE9009367B2 /* Release */ = {
			isa = XCBuildConfiguration;
			buildSettings = {
				ASSETCATALOG_COMPILER_APPICON_NAME = AppIcon;
				CODE_SIGN_STYLE = Automatic;
				DEVELOPMENT_ASSET_PATHS = "\"TimeTracker/Preview Content\"";
				ENABLE_PREVIEWS = YES;
				INFOPLIST_FILE = TimeTracker/Info.plist;
				LD_RUNPATH_SEARCH_PATHS = (
					"$(inherited)",
					"@executable_path/Frameworks",
				);
				PRODUCT_BUNDLE_IDENTIFIER = com.davidrynn.projects.TimeTracker;
				PRODUCT_NAME = "$(TARGET_NAME)";
				SWIFT_VERSION = 5.0;
				TARGETED_DEVICE_FAMILY = "1,2";
			};
			name = Release;
		};
		2292A8A7235FFEE9009367B2 /* Debug */ = {
			isa = XCBuildConfiguration;
			buildSettings = {
				ALWAYS_EMBED_SWIFT_STANDARD_LIBRARIES = YES;
				BUNDLE_LOADER = "$(TEST_HOST)";
				CODE_SIGN_STYLE = Automatic;
				INFOPLIST_FILE = TimeTrackerTests/Info.plist;
				IPHONEOS_DEPLOYMENT_TARGET = 13.1;
				LD_RUNPATH_SEARCH_PATHS = (
					"$(inherited)",
					"@executable_path/Frameworks",
					"@loader_path/Frameworks",
				);
				PRODUCT_BUNDLE_IDENTIFIER = com.davidrynn.projects.TimeTrackerTests;
				PRODUCT_NAME = "$(TARGET_NAME)";
				SWIFT_VERSION = 5.0;
				TARGETED_DEVICE_FAMILY = "1,2";
				TEST_HOST = "$(BUILT_PRODUCTS_DIR)/TimeTracker.app/TimeTracker";
			};
			name = Debug;
		};
		2292A8A8235FFEE9009367B2 /* Release */ = {
			isa = XCBuildConfiguration;
			buildSettings = {
				ALWAYS_EMBED_SWIFT_STANDARD_LIBRARIES = YES;
				BUNDLE_LOADER = "$(TEST_HOST)";
				CODE_SIGN_STYLE = Automatic;
				INFOPLIST_FILE = TimeTrackerTests/Info.plist;
				IPHONEOS_DEPLOYMENT_TARGET = 13.1;
				LD_RUNPATH_SEARCH_PATHS = (
					"$(inherited)",
					"@executable_path/Frameworks",
					"@loader_path/Frameworks",
				);
				PRODUCT_BUNDLE_IDENTIFIER = com.davidrynn.projects.TimeTrackerTests;
				PRODUCT_NAME = "$(TARGET_NAME)";
				SWIFT_VERSION = 5.0;
				TARGETED_DEVICE_FAMILY = "1,2";
				TEST_HOST = "$(BUILT_PRODUCTS_DIR)/TimeTracker.app/TimeTracker";
			};
			name = Release;
		};
		2292A8AA235FFEE9009367B2 /* Debug */ = {
			isa = XCBuildConfiguration;
			buildSettings = {
				ALWAYS_EMBED_SWIFT_STANDARD_LIBRARIES = YES;
				CODE_SIGN_STYLE = Automatic;
				INFOPLIST_FILE = TimeTrackerUITests/Info.plist;
				LD_RUNPATH_SEARCH_PATHS = (
					"$(inherited)",
					"@executable_path/Frameworks",
					"@loader_path/Frameworks",
				);
				PRODUCT_BUNDLE_IDENTIFIER = com.davidrynn.projects.TimeTrackerUITests;
				PRODUCT_NAME = "$(TARGET_NAME)";
				SWIFT_VERSION = 5.0;
				TARGETED_DEVICE_FAMILY = "1,2";
				TEST_TARGET_NAME = TimeTracker;
			};
			name = Debug;
		};
		2292A8AB235FFEE9009367B2 /* Release */ = {
			isa = XCBuildConfiguration;
			buildSettings = {
				ALWAYS_EMBED_SWIFT_STANDARD_LIBRARIES = YES;
				CODE_SIGN_STYLE = Automatic;
				INFOPLIST_FILE = TimeTrackerUITests/Info.plist;
				LD_RUNPATH_SEARCH_PATHS = (
					"$(inherited)",
					"@executable_path/Frameworks",
					"@loader_path/Frameworks",
				);
				PRODUCT_BUNDLE_IDENTIFIER = com.davidrynn.projects.TimeTrackerUITests;
				PRODUCT_NAME = "$(TARGET_NAME)";
				SWIFT_VERSION = 5.0;
				TARGETED_DEVICE_FAMILY = "1,2";
				TEST_TARGET_NAME = TimeTracker;
			};
			name = Release;
		};
/* End XCBuildConfiguration section */

/* Begin XCConfigurationList section */
		2292A874235FFEE4009367B2 /* Build configuration list for PBXProject "TimeTracker" */ = {
			isa = XCConfigurationList;
			buildConfigurations = (
				2292A8A1235FFEE9009367B2 /* Debug */,
				2292A8A2235FFEE9009367B2 /* Release */,
			);
			defaultConfigurationIsVisible = 0;
			defaultConfigurationName = Release;
		};
		2292A8A3235FFEE9009367B2 /* Build configuration list for PBXNativeTarget "TimeTracker" */ = {
			isa = XCConfigurationList;
			buildConfigurations = (
				2292A8A4235FFEE9009367B2 /* Debug */,
				2292A8A5235FFEE9009367B2 /* Release */,
			);
			defaultConfigurationIsVisible = 0;
			defaultConfigurationName = Release;
		};
		2292A8A6235FFEE9009367B2 /* Build configuration list for PBXNativeTarget "TimeTrackerTests" */ = {
			isa = XCConfigurationList;
			buildConfigurations = (
				2292A8A7235FFEE9009367B2 /* Debug */,
				2292A8A8235FFEE9009367B2 /* Release */,
			);
			defaultConfigurationIsVisible = 0;
			defaultConfigurationName = Release;
		};
		2292A8A9235FFEE9009367B2 /* Build configuration list for PBXNativeTarget "TimeTrackerUITests" */ = {
			isa = XCConfigurationList;
			buildConfigurations = (
				2292A8AA235FFEE9009367B2 /* Debug */,
				2292A8AB235FFEE9009367B2 /* Release */,
			);
			defaultConfigurationIsVisible = 0;
			defaultConfigurationName = Release;
		};
/* End XCConfigurationList section */
	};
	rootObject = 2292A871235FFEE4009367B2 /* Project object */;
}
